
Microsoft Visual Studio Solution File, Format Version 12.00
# Visual Studio 15
VisualStudioVersion = 15.0.28010.2046
MinimumVisualStudioVersion = 10.0.40219.1
Project("{FAE04EC0-301F-11D3-BF4B-00C04F79EFBC}") = "FormsApp1", "FormsApp1\FormsApp1.csproj", "{598D715B-0775-4144-B1EF-0733D3F36A20}"
EndProject
Global
	GlobalSection(SolutionConfigurationPlatforms) = preSolution
		Debug|Any CPU = Debug|Any CPU
		Release|Any CPU = Release|Any CPU
	EndGlobalSection
	GlobalSection(ProjectConfigurationPlatforms) = postSolution
		{598D715B-0775-4144-B1EF-0733D3F36A20}.Debug|Any CPU.ActiveCfg = Debug|Any CPU
		{598D715B-0775-4144-B1EF-0733D3F36A20}.Debug|Any CPU.Build.0 = Debug|Any CPU
		{598D715B-0775-4144-B1EF-0733D3F36A20}.Release|Any CPU.ActiveCfg = Release|Any CPU
		{598D715B-0775-4144-B1EF-0733D3F36A20}.Release|Any CPU.Build.0 = Release|Any CPU
	EndGlobalSection
	GlobalSection(SolutionProperties) = preSolution
		HideSolutionNode = FALSE
	EndGlobalSection
	GlobalSection(ExtensibilityGlobals) = postSolution
		SolutionGuid = {CC287DFE-1C8E-4DA4-925A-4D307857F799}
	EndGlobalSection
EndGlobal
